// !$*UTF8*$!
{
	archiveVersion = 1;
	classes = {
	};
	objectVersion = 56;
	objects = {

/* Begin PBXBuildFile section */
		E0433E792ABA177B00AED88D /* HypnoLoopsRecordTest2App.swift in Sources */ = {isa = PBXBuildFile; fileRef = E0433E782ABA177B00AED88D /* HypnoLoopsRecordTest2App.swift */; };
		E0433E7D2ABA177C00AED88D /* Assets.xcassets in Resources */ = {isa = PBXBuildFile; fileRef = E0433E7C2ABA177C00AED88D /* Assets.xcassets */; };
		E0433E802ABA177C00AED88D /* Preview Assets.xcassets in Resources */ = {isa = PBXBuildFile; fileRef = E0433E7F2ABA177C00AED88D /* Preview Assets.xcassets */; };
		E0433E872ABA17A600AED88D /* AudioManager.swift in Sources */ = {isa = PBXBuildFile; fileRef = E0433E862ABA17A600AED88D /* AudioManager.swift */; };
		E0433E8B2ABA1D2500AED88D /* RecordingsView.swift in Sources */ = {isa = PBXBuildFile; fileRef = E0433E8A2ABA1D2500AED88D /* RecordingsView.swift */; };
		E0433E8D2ABA4EEC00AED88D /* RecordView.swift in Sources */ = {isa = PBXBuildFile; fileRef = E0433E8C2ABA4EEC00AED88D /* RecordView.swift */; };
		E0433E8F2ABA4F5700AED88D /* MainButtonAnimationView.swift in Sources */ = {isa = PBXBuildFile; fileRef = E0433E8E2ABA4F5700AED88D /* MainButtonAnimationView.swift */; };
		E0433E932ABA656400AED88D /* TabViewHome.swift in Sources */ = {isa = PBXBuildFile; fileRef = E0433E922ABA656400AED88D /* TabViewHome.swift */; };
		E0433E952ABA97ED00AED88D /* PlayView.swift in Sources */ = {isa = PBXBuildFile; fileRef = E0433E942ABA97ED00AED88D /* PlayView.swift */; };
		E0433E972ABB36FF00AED88D /* spanish_flea.mp3 in Resources */ = {isa = PBXBuildFile; fileRef = E0433E962ABB36FF00AED88D /* spanish_flea.mp3 */; };
		E0433E992ABB371000AED88D /* chopin.mp3 in Resources */ = {isa = PBXBuildFile; fileRef = E0433E982ABB371000AED88D /* chopin.mp3 */; };
		E0433E9D2ABCF1AB00AED88D /* SoundScapeView.swift in Sources */ = {isa = PBXBuildFile; fileRef = E0433E9C2ABCF1AB00AED88D /* SoundScapeView.swift */; };
		E0433E9F2ABCFA4300AED88D /* AudioLoopView.swift in Sources */ = {isa = PBXBuildFile; fileRef = E0433E9E2ABCFA4300AED88D /* AudioLoopView.swift */; };
		E0433EA82AC3659B00AED88D /* sound_bowls_nature.mp3 in Resources */ = {isa = PBXBuildFile; fileRef = E0433EA62AC3659A00AED88D /* sound_bowls_nature.mp3 */; };
		E0433EA92AC3659B00AED88D /* ocean_waves.mp3 in Resources */ = {isa = PBXBuildFile; fileRef = E0433EA72AC3659B00AED88D /* ocean_waves.mp3 */; };
		E04F563D2AC4D44300A7F1D1 /* PlaySettingsView.swift in Sources */ = {isa = PBXBuildFile; fileRef = E04F563C2AC4D44300A7F1D1 /* PlaySettingsView.swift */; };
		E0B94F342AC8F265003D82BD /* ocean15.mp3 in Resources */ = {isa = PBXBuildFile; fileRef = E0B94F332AC8F265003D82BD /* ocean15.mp3 */; };
		E0B94F362ACA57D2003D82BD /* Affirmations.json in Resources */ = {isa = PBXBuildFile; fileRef = E0B94F352ACA57D1003D82BD /* Affirmations.json */; };
		E0B94F382ACA5EDF003D82BD /* CategoryData.swift in Sources */ = {isa = PBXBuildFile; fileRef = E0B94F372ACA5EDF003D82BD /* CategoryData.swift */; };
		E0B94F3A2ACA5F01003D82BD /* CategoryViewModel.swift in Sources */ = {isa = PBXBuildFile; fileRef = E0B94F392ACA5F01003D82BD /* CategoryViewModel.swift */; };
		E0B94F3C2ACA5F73003D82BD /* CategoryView.swift in Sources */ = {isa = PBXBuildFile; fileRef = E0B94F3B2ACA5F73003D82BD /* CategoryView.swift */; };
		E0B94F422ACA89EB003D82BD /* CategoryOnlyView.swift in Sources */ = {isa = PBXBuildFile; fileRef = E0B94F412ACA89EB003D82BD /* CategoryOnlyView.swift */; };
		E0B94F442ACA93A6003D82BD /* AffirmationView.swift in Sources */ = {isa = PBXBuildFile; fileRef = E0B94F432ACA93A6003D82BD /* AffirmationView.swift */; };
		E0B94F462ACA9D80003D82BD /* LikedAffirmationView.swift in Sources */ = {isa = PBXBuildFile; fileRef = E0B94F452ACA9D80003D82BD /* LikedAffirmationView.swift */; };
/* End PBXBuildFile section */

/* Begin PBXFileReference section */
		E0433E752ABA177B00AED88D /* HypnoLoopsRecordTest2.app */ = {isa = PBXFileReference; explicitFileType = wrapper.application; includeInIndex = 0; path = HypnoLoopsRecordTest2.app; sourceTree = BUILT_PRODUCTS_DIR; };
		E0433E782ABA177B00AED88D /* HypnoLoopsRecordTest2App.swift */ = {isa = PBXFileReference; lastKnownFileType = sourcecode.swift; path = HypnoLoopsRecordTest2App.swift; sourceTree = "<group>"; };
		E0433E7C2ABA177C00AED88D /* Assets.xcassets */ = {isa = PBXFileReference; lastKnownFileType = folder.assetcatalog; path = Assets.xcassets; sourceTree = "<group>"; };
		E0433E7F2ABA177C00AED88D /* Preview Assets.xcassets */ = {isa = PBXFileReference; lastKnownFileType = folder.assetcatalog; path = "Preview Assets.xcassets"; sourceTree = "<group>"; };
		E0433E862ABA17A600AED88D /* AudioManager.swift */ = {isa = PBXFileReference; fileEncoding = 4; lastKnownFileType = sourcecode.swift; path = AudioManager.swift; sourceTree = "<group>"; };
		E0433E8A2ABA1D2500AED88D /* RecordingsView.swift */ = {isa = PBXFileReference; lastKnownFileType = sourcecode.swift; path = RecordingsView.swift; sourceTree = "<group>"; };
		E0433E8C2ABA4EEC00AED88D /* RecordView.swift */ = {isa = PBXFileReference; fileEncoding = 4; lastKnownFileType = sourcecode.swift; path = RecordView.swift; sourceTree = "<group>"; };
		E0433E8E2ABA4F5700AED88D /* MainButtonAnimationView.swift */ = {isa = PBXFileReference; fileEncoding = 4; lastKnownFileType = sourcecode.swift; path = MainButtonAnimationView.swift; sourceTree = "<group>"; };
		E0433E922ABA656400AED88D /* TabViewHome.swift */ = {isa = PBXFileReference; lastKnownFileType = sourcecode.swift; path = TabViewHome.swift; sourceTree = "<group>"; };
		E0433E942ABA97ED00AED88D /* PlayView.swift */ = {isa = PBXFileReference; lastKnownFileType = sourcecode.swift; path = PlayView.swift; sourceTree = "<group>"; };
		E0433E962ABB36FF00AED88D /* spanish_flea.mp3 */ = {isa = PBXFileReference; lastKnownFileType = audio.mp3; path = spanish_flea.mp3; sourceTree = "<group>"; };
		E0433E982ABB371000AED88D /* chopin.mp3 */ = {isa = PBXFileReference; lastKnownFileType = audio.mp3; path = chopin.mp3; sourceTree = "<group>"; };
		E0433E9C2ABCF1AB00AED88D /* SoundScapeView.swift */ = {isa = PBXFileReference; lastKnownFileType = sourcecode.swift; path = SoundScapeView.swift; sourceTree = "<group>"; };
		E0433E9E2ABCFA4300AED88D /* AudioLoopView.swift */ = {isa = PBXFileReference; lastKnownFileType = sourcecode.swift; path = AudioLoopView.swift; sourceTree = "<group>"; };
		E0433EA62AC3659A00AED88D /* sound_bowls_nature.mp3 */ = {isa = PBXFileReference; lastKnownFileType = audio.mp3; path = sound_bowls_nature.mp3; sourceTree = "<group>"; };
		E0433EA72AC3659B00AED88D /* ocean_waves.mp3 */ = {isa = PBXFileReference; lastKnownFileType = audio.mp3; path = ocean_waves.mp3; sourceTree = "<group>"; };
		E04F563C2AC4D44300A7F1D1 /* PlaySettingsView.swift */ = {isa = PBXFileReference; fileEncoding = 4; lastKnownFileType = sourcecode.swift; path = PlaySettingsView.swift; sourceTree = "<group>"; };
		E0B94F332AC8F265003D82BD /* ocean15.mp3 */ = {isa = PBXFileReference; lastKnownFileType = audio.mp3; path = ocean15.mp3; sourceTree = "<group>"; };
		E0B94F352ACA57D1003D82BD /* Affirmations.json */ = {isa = PBXFileReference; fileEncoding = 4; lastKnownFileType = text.json; path = Affirmations.json; sourceTree = "<group>"; };
		E0B94F372ACA5EDF003D82BD /* CategoryData.swift */ = {isa = PBXFileReference; lastKnownFileType = sourcecode.swift; path = CategoryData.swift; sourceTree = "<group>"; };
		E0B94F392ACA5F01003D82BD /* CategoryViewModel.swift */ = {isa = PBXFileReference; lastKnownFileType = sourcecode.swift; path = CategoryViewModel.swift; sourceTree = "<group>"; };
		E0B94F3B2ACA5F73003D82BD /* CategoryView.swift */ = {isa = PBXFileReference; lastKnownFileType = sourcecode.swift; path = CategoryView.swift; sourceTree = "<group>"; };
		E0B94F412ACA89EB003D82BD /* CategoryOnlyView.swift */ = {isa = PBXFileReference; lastKnownFileType = sourcecode.swift; path = CategoryOnlyView.swift; sourceTree = "<group>"; };
		E0B94F432ACA93A6003D82BD /* AffirmationView.swift */ = {isa = PBXFileReference; lastKnownFileType = sourcecode.swift; path = AffirmationView.swift; sourceTree = "<group>"; };
		E0B94F452ACA9D80003D82BD /* LikedAffirmationView.swift */ = {isa = PBXFileReference; lastKnownFileType = sourcecode.swift; path = LikedAffirmationView.swift; sourceTree = "<group>"; };
/* End PBXFileReference section */

/* Begin PBXFrameworksBuildPhase section */
		E0433E722ABA177B00AED88D /* Frameworks */ = {
			isa = PBXFrameworksBuildPhase;
			buildActionMask = 2147483647;
			files = (
			);
			runOnlyForDeploymentPostprocessing = 0;
		};
/* End PBXFrameworksBuildPhase section */

/* Begin PBXGroup section */
		E0433E6C2ABA177A00AED88D = {
			isa = PBXGroup;
			children = (
				E0433E772ABA177B00AED88D /* HypnoLoopsRecordTest2 */,
				E0433E762ABA177B00AED88D /* Products */,
			);
			sourceTree = "<group>";
		};
		E0433E762ABA177B00AED88D /* Products */ = {
			isa = PBXGroup;
			children = (
				E0433E752ABA177B00AED88D /* HypnoLoopsRecordTest2.app */,
			);
			name = Products;
			sourceTree = "<group>";
		};
		E0433E772ABA177B00AED88D /* HypnoLoopsRecordTest2 */ = {
			isa = PBXGroup;
			children = (
				E0433E782ABA177B00AED88D /* HypnoLoopsRecordTest2App.swift */,
				E0433E922ABA656400AED88D /* TabViewHome.swift */,
				E0433E862ABA17A600AED88D /* AudioManager.swift */,
				E0B94F492ACC9570003D82BD /* Recording and Playback Views */,
				E0B94F472ACC92BE003D82BD /* Category and Affirmations */,
				E0B94F482ACC9547003D82BD /* Extra Test Views */,
				E0B94F352ACA57D1003D82BD /* Affirmations.json */,
				E0433E7C2ABA177C00AED88D /* Assets.xcassets */,
				E0433E982ABB371000AED88D /* chopin.mp3 */,
				E0433E962ABB36FF00AED88D /* spanish_flea.mp3 */,
				E0433EA72AC3659B00AED88D /* ocean_waves.mp3 */,
				E0433EA62AC3659A00AED88D /* sound_bowls_nature.mp3 */,
				E0B94F332AC8F265003D82BD /* ocean15.mp3 */,
				E0433E7E2ABA177C00AED88D /* Preview Content */,
			);
			path = HypnoLoopsRecordTest2;
			sourceTree = "<group>";
		};
		E0433E7E2ABA177C00AED88D /* Preview Content */ = {
			isa = PBXGroup;
			children = (
				E0433E7F2ABA177C00AED88D /* Preview Assets.xcassets */,
			);
			path = "Preview Content";
			sourceTree = "<group>";
		};
		E0B94F472ACC92BE003D82BD /* Category and Affirmations */ = {
			isa = PBXGroup;
			children = (
				E0B94F392ACA5F01003D82BD /* CategoryViewModel.swift */,
				E0B94F372ACA5EDF003D82BD /* CategoryData.swift */,
				E0B94F412ACA89EB003D82BD /* CategoryOnlyView.swift */,
				E0B94F3B2ACA5F73003D82BD /* CategoryView.swift */,
				E0B94F432ACA93A6003D82BD /* AffirmationView.swift */,
				E0B94F452ACA9D80003D82BD /* LikedAffirmationView.swift */,
			);
			path = "Category and Affirmations";
			sourceTree = "<group>";
		};
		E0B94F482ACC9547003D82BD /* Extra Test Views */ = {
			isa = PBXGroup;
			children = (
				E0433E9E2ABCFA4300AED88D /* AudioLoopView.swift */,
			);
			path = "Extra Test Views";
			sourceTree = "<group>";
		};
		E0B94F492ACC9570003D82BD /* Recording and Playback Views */ = {
			isa = PBXGroup;
			children = (
				E0433E8E2ABA4F5700AED88D /* MainButtonAnimationView.swift */,
				E0433E8C2ABA4EEC00AED88D /* RecordView.swift */,
				E0433E942ABA97ED00AED88D /* PlayView.swift */,
				E0433E8A2ABA1D2500AED88D /* RecordingsView.swift */,
				E0433E9C2ABCF1AB00AED88D /* SoundScapeView.swift */,
				E04F563C2AC4D44300A7F1D1 /* PlaySettingsView.swift */,
			);
			path = "Recording and Playback Views";
			sourceTree = "<group>";
		};
/* End PBXGroup section */

/* Begin PBXNativeTarget section */
		E0433E742ABA177B00AED88D /* HypnoLoopsRecordTest2 */ = {
			isa = PBXNativeTarget;
			buildConfigurationList = E0433E832ABA177C00AED88D /* Build configuration list for PBXNativeTarget "HypnoLoopsRecordTest2" */;
			buildPhases = (
				E0433E712ABA177B00AED88D /* Sources */,
				E0433E722ABA177B00AED88D /* Frameworks */,
				E0433E732ABA177B00AED88D /* Resources */,
			);
			buildRules = (
			);
			dependencies = (
			);
			name = HypnoLoopsRecordTest2;
			productName = HypnoLoopsRecordTest2;
			productReference = E0433E752ABA177B00AED88D /* HypnoLoopsRecordTest2.app */;
			productType = "com.apple.product-type.application";
		};
/* End PBXNativeTarget section */

/* Begin PBXProject section */
		E0433E6D2ABA177A00AED88D /* Project object */ = {
			isa = PBXProject;
			attributes = {
				BuildIndependentTargetsInParallel = 1;
				LastSwiftUpdateCheck = 1430;
				LastUpgradeCheck = 1430;
				TargetAttributes = {
					E0433E742ABA177B00AED88D = {
						CreatedOnToolsVersion = 14.3.1;
					};
				};
			};
			buildConfigurationList = E0433E702ABA177A00AED88D /* Build configuration list for PBXProject "HypnoLoopsRecordTest2" */;
			compatibilityVersion = "Xcode 14.0";
			developmentRegion = en;
			hasScannedForEncodings = 0;
			knownRegions = (
				en,
				Base,
			);
			mainGroup = E0433E6C2ABA177A00AED88D;
			productRefGroup = E0433E762ABA177B00AED88D /* Products */;
			projectDirPath = "";
			projectRoot = "";
			targets = (
				E0433E742ABA177B00AED88D /* HypnoLoopsRecordTest2 */,
			);
		};
/* End PBXProject section */

/* Begin PBXResourcesBuildPhase section */
		E0433E732ABA177B00AED88D /* Resources */ = {
			isa = PBXResourcesBuildPhase;
			buildActionMask = 2147483647;
			files = (
				E0433E992ABB371000AED88D /* chopin.mp3 in Resources */,
				E0433E802ABA177C00AED88D /* Preview Assets.xcassets in Resources */,
				E0433EA82AC3659B00AED88D /* sound_bowls_nature.mp3 in Resources */,
				E0433E972ABB36FF00AED88D /* spanish_flea.mp3 in Resources */,
				E0B94F362ACA57D2003D82BD /* Affirmations.json in Resources */,
				E0B94F342AC8F265003D82BD /* ocean15.mp3 in Resources */,
				E0433EA92AC3659B00AED88D /* ocean_waves.mp3 in Resources */,
				E0433E7D2ABA177C00AED88D /* Assets.xcassets in Resources */,
			);
			runOnlyForDeploymentPostprocessing = 0;
		};
/* End PBXResourcesBuildPhase section */

/* Begin PBXSourcesBuildPhase section */
		E0433E712ABA177B00AED88D /* Sources */ = {
			isa = PBXSourcesBuildPhase;
			buildActionMask = 2147483647;
			files = (
				E0433E8D2ABA4EEC00AED88D /* RecordView.swift in Sources */,
				E0B94F462ACA9D80003D82BD /* LikedAffirmationView.swift in Sources */,
				E0433E932ABA656400AED88D /* TabViewHome.swift in Sources */,
				E0433E8F2ABA4F5700AED88D /* MainButtonAnimationView.swift in Sources */,
				E0433E9D2ABCF1AB00AED88D /* SoundScapeView.swift in Sources */,
				E0B94F382ACA5EDF003D82BD /* CategoryData.swift in Sources */,
				E0433E8B2ABA1D2500AED88D /* RecordingsView.swift in Sources */,
				E0B94F3C2ACA5F73003D82BD /* CategoryView.swift in Sources */,
				E0B94F3A2ACA5F01003D82BD /* CategoryViewModel.swift in Sources */,
				E04F563D2AC4D44300A7F1D1 /* PlaySettingsView.swift in Sources */,
				E0433E872ABA17A600AED88D /* AudioManager.swift in Sources */,
				E0433E9F2ABCFA4300AED88D /* AudioLoopView.swift in Sources */,
				E0B94F442ACA93A6003D82BD /* AffirmationView.swift in Sources */,
				E0B94F422ACA89EB003D82BD /* CategoryOnlyView.swift in Sources */,
				E0433E952ABA97ED00AED88D /* PlayView.swift in Sources */,
				E0433E792ABA177B00AED88D /* HypnoLoopsRecordTest2App.swift in Sources */,
			);
			runOnlyForDeploymentPostprocessing = 0;
		};
/* End PBXSourcesBuildPhase section */

/* Begin XCBuildConfiguration section */
		E0433E812ABA177C00AED88D /* Debug */ = {
			isa = XCBuildConfiguration;
			buildSettings = {
				ALWAYS_SEARCH_USER_PATHS = NO;
				CLANG_ANALYZER_NONNULL = YES;
				CLANG_ANALYZER_NUMBER_OBJECT_CONVERSION = YES_AGGRESSIVE;
				CLANG_CXX_LANGUAGE_STANDARD = "gnu++20";
				CLANG_ENABLE_MODULES = YES;
				CLANG_ENABLE_OBJC_ARC = YES;
				CLANG_ENABLE_OBJC_WEAK = YES;
				CLANG_WARN_BLOCK_CAPTURE_AUTORELEASING = YES;
				CLANG_WARN_BOOL_CONVERSION = YES;
				CLANG_WARN_COMMA = YES;
				CLANG_WARN_CONSTANT_CONVERSION = YES;
				CLANG_WARN_DEPRECATED_OBJC_IMPLEMENTATIONS = YES;
				CLANG_WARN_DIRECT_OBJC_ISA_USAGE = YES_ERROR;
				CLANG_WARN_DOCUMENTATION_COMMENTS = YES;
				CLANG_WARN_EMPTY_BODY = YES;
				CLANG_WARN_ENUM_CONVERSION = YES;
				CLANG_WARN_INFINITE_RECURSION = YES;
				CLANG_WARN_INT_CONVERSION = YES;
				CLANG_WARN_NON_LITERAL_NULL_CONVERSION = YES;
				CLANG_WARN_OBJC_IMPLICIT_RETAIN_SELF = YES;
				CLANG_WARN_OBJC_LITERAL_CONVERSION = YES;
				CLANG_WARN_OBJC_ROOT_CLASS = YES_ERROR;
				CLANG_WARN_QUOTED_INCLUDE_IN_FRAMEWORK_HEADER = YES;
				CLANG_WARN_RANGE_LOOP_ANALYSIS = YES;
				CLANG_WARN_STRICT_PROTOTYPES = YES;
				CLANG_WARN_SUSPICIOUS_MOVE = YES;
				CLANG_WARN_UNGUARDED_AVAILABILITY = YES_AGGRESSIVE;
				CLANG_WARN_UNREACHABLE_CODE = YES;
				CLANG_WARN__DUPLICATE_METHOD_MATCH = YES;
				COPY_PHASE_STRIP = NO;
				DEBUG_INFORMATION_FORMAT = dwarf;
				ENABLE_STRICT_OBJC_MSGSEND = YES;
				ENABLE_TESTABILITY = YES;
				GCC_C_LANGUAGE_STANDARD = gnu11;
				GCC_DYNAMIC_NO_PIC = NO;
				GCC_NO_COMMON_BLOCKS = YES;
				GCC_OPTIMIZATION_LEVEL = 0;
				GCC_PREPROCESSOR_DEFINITIONS = (
					"DEBUG=1",
					"$(inherited)",
				);
				GCC_WARN_64_TO_32_BIT_CONVERSION = YES;
				GCC_WARN_ABOUT_RETURN_TYPE = YES_ERROR;
				GCC_WARN_UNDECLARED_SELECTOR = YES;
				GCC_WARN_UNINITIALIZED_AUTOS = YES_AGGRESSIVE;
				GCC_WARN_UNUSED_FUNCTION = YES;
				GCC_WARN_UNUSED_VARIABLE = YES;
				IPHONEOS_DEPLOYMENT_TARGET = 16.4;
				MTL_ENABLE_DEBUG_INFO = INCLUDE_SOURCE;
				MTL_FAST_MATH = YES;
				ONLY_ACTIVE_ARCH = YES;
				SDKROOT = iphoneos;
				SWIFT_ACTIVE_COMPILATION_CONDITIONS = DEBUG;
				SWIFT_OPTIMIZATION_LEVEL = "-Onone";
			};
			name = Debug;
		};
		E0433E822ABA177C00AED88D /* Release */ = {
			isa = XCBuildConfiguration;
			buildSettings = {
				ALWAYS_SEARCH_USER_PATHS = NO;
				CLANG_ANALYZER_NONNULL = YES;
				CLANG_ANALYZER_NUMBER_OBJECT_CONVERSION = YES_AGGRESSIVE;
				CLANG_CXX_LANGUAGE_STANDARD = "gnu++20";
				CLANG_ENABLE_MODULES = YES;
				CLANG_ENABLE_OBJC_ARC = YES;
				CLANG_ENABLE_OBJC_WEAK = YES;
				CLANG_WARN_BLOCK_CAPTURE_AUTORELEASING = YES;
				CLANG_WARN_BOOL_CONVERSION = YES;
				CLANG_WARN_COMMA = YES;
				CLANG_WARN_CONSTANT_CONVERSION = YES;
				CLANG_WARN_DEPRECATED_OBJC_IMPLEMENTATIONS = YES;
				CLANG_WARN_DIRECT_OBJC_ISA_USAGE = YES_ERROR;
				CLANG_WARN_DOCUMENTATION_COMMENTS = YES;
				CLANG_WARN_EMPTY_BODY = YES;
				CLANG_WARN_ENUM_CONVERSION = YES;
				CLANG_WARN_INFINITE_RECURSION = YES;
				CLANG_WARN_INT_CONVERSION = YES;
				CLANG_WARN_NON_LITERAL_NULL_CONVERSION = YES;
				CLANG_WARN_OBJC_IMPLICIT_RETAIN_SELF = YES;
				CLANG_WARN_OBJC_LITERAL_CONVERSION = YES;
				CLANG_WARN_OBJC_ROOT_CLASS = YES_ERROR;
				CLANG_WARN_QUOTED_INCLUDE_IN_FRAMEWORK_HEADER = YES;
				CLANG_WARN_RANGE_LOOP_ANALYSIS = YES;
				CLANG_WARN_STRICT_PROTOTYPES = YES;
				CLANG_WARN_SUSPICIOUS_MOVE = YES;
				CLANG_WARN_UNGUARDED_AVAILABILITY = YES_AGGRESSIVE;
				CLANG_WARN_UNREACHABLE_CODE = YES;
				CLANG_WARN__DUPLICATE_METHOD_MATCH = YES;
				COPY_PHASE_STRIP = NO;
				DEBUG_INFORMATION_FORMAT = "dwarf-with-dsym";
				ENABLE_NS_ASSERTIONS = NO;
				ENABLE_STRICT_OBJC_MSGSEND = YES;
				GCC_C_LANGUAGE_STANDARD = gnu11;
				GCC_NO_COMMON_BLOCKS = YES;
				GCC_WARN_64_TO_32_BIT_CONVERSION = YES;
				GCC_WARN_ABOUT_RETURN_TYPE = YES_ERROR;
				GCC_WARN_UNDECLARED_SELECTOR = YES;
				GCC_WARN_UNINITIALIZED_AUTOS = YES_AGGRESSIVE;
				GCC_WARN_UNUSED_FUNCTION = YES;
				GCC_WARN_UNUSED_VARIABLE = YES;
				IPHONEOS_DEPLOYMENT_TARGET = 16.4;
				MTL_ENABLE_DEBUG_INFO = NO;
				MTL_FAST_MATH = YES;
				SDKROOT = iphoneos;
				SWIFT_COMPILATION_MODE = wholemodule;
				SWIFT_OPTIMIZATION_LEVEL = "-O";
				VALIDATE_PRODUCT = YES;
			};
			name = Release;
		};
		E0433E842ABA177C00AED88D /* Debug */ = {
			isa = XCBuildConfiguration;
			buildSettings = {
				ASSETCATALOG_COMPILER_APPICON_NAME = AppIcon;
				ASSETCATALOG_COMPILER_GLOBAL_ACCENT_COLOR_NAME = AccentColor;
				CODE_SIGN_STYLE = Automatic;
				CURRENT_PROJECT_VERSION = 1;
				DEVELOPMENT_ASSET_PATHS = "\"HypnoLoopsRecordTest2/Preview Content\"";
				DEVELOPMENT_TEAM = QDDDA27M89;
				ENABLE_PREVIEWS = YES;
				GENERATE_INFOPLIST_FILE = YES;
				INFOPLIST_KEY_UIApplicationSceneManifest_Generation = YES;
				INFOPLIST_KEY_UIApplicationSupportsIndirectInputEvents = YES;
				INFOPLIST_KEY_UILaunchScreen_Generation = YES;
				INFOPLIST_KEY_UISupportedInterfaceOrientations_iPad = "UIInterfaceOrientationPortrait UIInterfaceOrientationPortraitUpsideDown UIInterfaceOrientationLandscapeLeft UIInterfaceOrientationLandscapeRight";
				INFOPLIST_KEY_UISupportedInterfaceOrientations_iPhone = "UIInterfaceOrientationPortrait UIInterfaceOrientationLandscapeLeft UIInterfaceOrientationLandscapeRight";
				LD_RUNPATH_SEARCH_PATHS = (
					"$(inherited)",
					"@executable_path/Frameworks",
				);
				MARKETING_VERSION = 1.0;
				PRODUCT_BUNDLE_IDENTIFIER = com.mojo5.ObjCTestApp.HypnoLoopsRecordTest2;
				PRODUCT_NAME = "$(TARGET_NAME)";
				SWIFT_EMIT_LOC_STRINGS = YES;
				SWIFT_VERSION = 5.0;
				TARGETED_DEVICE_FAMILY = "1,2";
			};
			name = Debug;
		};
		E0433E852ABA177C00AED88D /* Release */ = {
			isa = XCBuildConfiguration;
			buildSettings = {
				ASSETCATALOG_COMPILER_APPICON_NAME = AppIcon;
				ASSETCATALOG_COMPILER_GLOBAL_ACCENT_COLOR_NAME = AccentColor;
				CODE_SIGN_STYLE = Automatic;
				CURRENT_PROJECT_VERSION = 1;
				DEVELOPMENT_ASSET_PATHS = "\"HypnoLoopsRecordTest2/Preview Content\"";
				DEVELOPMENT_TEAM = QDDDA27M89;
				ENABLE_PREVIEWS = YES;
				GENERATE_INFOPLIST_FILE = YES;
				INFOPLIST_KEY_UIApplicationSceneManifest_Generation = YES;
				INFOPLIST_KEY_UIApplicationSupportsIndirectInputEvents = YES;
				INFOPLIST_KEY_UILaunchScreen_Generation = YES;
				INFOPLIST_KEY_UISupportedInterfaceOrientations_iPad = "UIInterfaceOrientationPortrait UIInterfaceOrientationPortraitUpsideDown UIInterfaceOrientationLandscapeLeft UIInterfaceOrientationLandscapeRight";
				INFOPLIST_KEY_UISupportedInterfaceOrientations_iPhone = "UIInterfaceOrientationPortrait UIInterfaceOrientationLandscapeLeft UIInterfaceOrientationLandscapeRight";
				LD_RUNPATH_SEARCH_PATHS = (
					"$(inherited)",
					"@executable_path/Frameworks",
				);
				MARKETING_VERSION = 1.0;
				PRODUCT_BUNDLE_IDENTIFIER = com.mojo5.ObjCTestApp.HypnoLoopsRecordTest2;
				PRODUCT_NAME = "$(TARGET_NAME)";
				SWIFT_EMIT_LOC_STRINGS = YES;
				SWIFT_VERSION = 5.0;
				TARGETED_DEVICE_FAMILY = "1,2";
			};
			name = Release;
		};
/* End XCBuildConfiguration section */

/* Begin XCConfigurationList section */
		E0433E702ABA177A00AED88D /* Build configuration list for PBXProject "HypnoLoopsRecordTest2" */ = {
			isa = XCConfigurationList;
			buildConfigurations = (
				E0433E812ABA177C00AED88D /* Debug */,
				E0433E822ABA177C00AED88D /* Release */,
			);
			defaultConfigurationIsVisible = 0;
			defaultConfigurationName = Release;
		};
		E0433E832ABA177C00AED88D /* Build configuration list for PBXNativeTarget "HypnoLoopsRecordTest2" */ = {
			isa = XCConfigurationList;
			buildConfigurations = (
				E0433E842ABA177C00AED88D /* Debug */,
				E0433E852ABA177C00AED88D /* Release */,
			);
			defaultConfigurationIsVisible = 0;
			defaultConfigurationName = Release;
		};
/* End XCConfigurationList section */
	};
	rootObject = E0433E6D2ABA177A00AED88D /* Project object */;
}
